
Microsoft Visual Studio Solution File, Format Version 12.00
# Visual Studio 14
VisualStudioVersion = 14.0.25123.0
MinimumVisualStudioVersion = 10.0.40219.1
Project("{8BC9CEB8-8B4A-11D0-8D11-00A0C91BC942}") = "unit_test", "unit_test\unit_test.vcxproj", "{D7F9439D-6A75-4D93-874E-9DAF9727DBB1}"
	ProjectSection(ProjectDependencies) = postProject
		{6A32AFD3-16B3-469E-820D-7CE42B939FBC} = {6A32AFD3-16B3-469E-820D-7CE42B939FBC}
	EndProjectSection
EndProject
Project("{8BC9CEB8-8B4A-11D0-8D11-00A0C91BC942}") = "block_match", "block_match\block_match.vcxproj", "{6A32AFD3-16B3-469E-820D-7CE42B939FBC}"
EndProject
Project("{8BC9CEB8-8B4A-11D0-8D11-00A0C91BC942}") = "block_match_mex", "block_match_mex\block_match_mex.vcxproj", "{BCFFA024-455D-4993-A28D-9DE38DF8BE29}"
	ProjectSection(ProjectDependencies) = postProject
		{6A32AFD3-16B3-469E-820D-7CE42B939FBC} = {6A32AFD3-16B3-469E-820D-7CE42B939FBC}
	EndProjectSection
EndProject
Global
	GlobalSection(SolutionConfigurationPlatforms) = preSolution
		Debug|x64 = Debug|x64
		Release|x64 = Release|x64
	EndGlobalSection
	GlobalSection(ProjectConfigurationPlatforms) = postSolution
		{6A32AFD3-16B3-469E-820D-7CE42B939FBC}.Debug|x64.ActiveCfg = Debug|x64
		{6A32AFD3-16B3-469E-820D-7CE42B939FBC}.Debug|x64.Build.0 = Debug|x64
		{6A32AFD3-16B3-469E-820D-7CE42B939FBC}.Release|x64.ActiveCfg = Release|x64
		{6A32AFD3-16B3-469E-820D-7CE42B939FBC}.Release|x64.Build.0 = Release|x64
		{BCFFA024-455D-4993-A28D-9DE38DF8BE29}.Debug|x64.ActiveCfg = Debug|x64
		{BCFFA024-455D-4993-A28D-9DE38DF8BE29}.Debug|x64.Build.0 = Debug|x64
		{BCFFA024-455D-4993-A28D-9DE38DF8BE29}.Release|x64.ActiveCfg = Release|x64
		{BCFFA024-455D-4993-A28D-9DE38DF8BE29}.Release|x64.Build.0 = Release|x64
		{D7F9439D-6A75-4D93-874E-9DAF9727DBB1}.Debug|x64.ActiveCfg = Debug|x64
		{D7F9439D-6A75-4D93-874E-9DAF9727DBB1}.Debug|x64.Build.0 = Debug|x64
		{D7F9439D-6A75-4D93-874E-9DAF9727DBB1}.Release|x64.ActiveCfg = Release|x64
		{D7F9439D-6A75-4D93-874E-9DAF9727DBB1}.Release|x64.Build.0 = Release|x64
	EndGlobalSection
	GlobalSection(SolutionProperties) = preSolution
		HideSolutionNode = FALSE
	EndGlobalSection
EndGlobal
