
Microsoft Visual Studio Solution File, Format Version 12.00
# Visual Studio 14
VisualStudioVersion = 14.0.25420.1
MinimumVisualStudioVersion = 10.0.40219.1
Project("{8BC9CEB8-8B4A-11D0-8D11-00A0C91BC942}") = "unit_test", "unit_test\unit_test.vcxproj", "{D7F9439D-6A75-4D93-874E-9DAF9727DBB1}"
	ProjectSection(ProjectDependencies) = postProject
		{6A32AFD3-16B3-469E-820D-7CE42B939FBC} = {6A32AFD3-16B3-469E-820D-7CE42B939FBC}
	EndProjectSection
EndProject
Project("{8BC9CEB8-8B4A-11D0-8D11-00A0C91BC942}") = "lib_match", "lib_match\lib_match.vcxproj", "{6A32AFD3-16B3-469E-820D-7CE42B939FBC}"
EndProject
Project("{8BC9CEB8-8B4A-11D0-8D11-00A0C91BC942}") = "block_match_mex", "block_match_mex\block_match_mex.vcxproj", "{BCFFA024-455D-4993-A28D-9DE38DF8BE29}"
	ProjectSection(ProjectDependencies) = postProject
		{6A32AFD3-16B3-469E-820D-7CE42B939FBC} = {6A32AFD3-16B3-469E-820D-7CE42B939FBC}
	EndProjectSection
EndProject
Project("{8BC9CEB8-8B4A-11D0-8D11-00A0C91BC942}") = "test", "test\test.vcxproj", "{705EBD80-75DD-4DBB-A691-AD327B29442F}"
	ProjectSection(ProjectDependencies) = postProject
		{6A32AFD3-16B3-469E-820D-7CE42B939FBC} = {6A32AFD3-16B3-469E-820D-7CE42B939FBC}
	EndProjectSection
EndProject
Project("{8BC9CEB8-8B4A-11D0-8D11-00A0C91BC942}") = "array_match_mex", "array_match_mex\array_match_mex.vcxproj", "{4F6EFB57-B092-4048-A719-1EF24AA44E4A}"
	ProjectSection(ProjectDependencies) = postProject
		{6A32AFD3-16B3-469E-820D-7CE42B939FBC} = {6A32AFD3-16B3-469E-820D-7CE42B939FBC}
	EndProjectSection
EndProject
Project("{8BC9CEB8-8B4A-11D0-8D11-00A0C91BC942}") = "padding_mex", "padding_mex\padding_mex.vcxproj", "{9ED14885-1B3F-48B2-941A-C0B957A54C18}"
	ProjectSection(ProjectDependencies) = postProject
		{6A32AFD3-16B3-469E-820D-7CE42B939FBC} = {6A32AFD3-16B3-469E-820D-7CE42B939FBC}
	EndProjectSection
EndProject
Global
	GlobalSection(SolutionConfigurationPlatforms) = preSolution
		Debug|x64 = Debug|x64
		Debug|x86 = Debug|x86
		Release|x64 = Release|x64
		Release|x86 = Release|x86
	EndGlobalSection
	GlobalSection(ProjectConfigurationPlatforms) = postSolution
		{D7F9439D-6A75-4D93-874E-9DAF9727DBB1}.Debug|x64.ActiveCfg = Debug|x64
		{D7F9439D-6A75-4D93-874E-9DAF9727DBB1}.Debug|x64.Build.0 = Debug|x64
		{D7F9439D-6A75-4D93-874E-9DAF9727DBB1}.Debug|x86.ActiveCfg = Debug|x64
		{D7F9439D-6A75-4D93-874E-9DAF9727DBB1}.Release|x64.ActiveCfg = Release|x64
		{D7F9439D-6A75-4D93-874E-9DAF9727DBB1}.Release|x64.Build.0 = Release|x64
		{D7F9439D-6A75-4D93-874E-9DAF9727DBB1}.Release|x86.ActiveCfg = Release|x64
		{6A32AFD3-16B3-469E-820D-7CE42B939FBC}.Debug|x64.ActiveCfg = Debug|x64
		{6A32AFD3-16B3-469E-820D-7CE42B939FBC}.Debug|x64.Build.0 = Debug|x64
		{6A32AFD3-16B3-469E-820D-7CE42B939FBC}.Debug|x86.ActiveCfg = Debug|x64
		{6A32AFD3-16B3-469E-820D-7CE42B939FBC}.Release|x64.ActiveCfg = Release|x64
		{6A32AFD3-16B3-469E-820D-7CE42B939FBC}.Release|x64.Build.0 = Release|x64
		{6A32AFD3-16B3-469E-820D-7CE42B939FBC}.Release|x86.ActiveCfg = Release|x64
		{BCFFA024-455D-4993-A28D-9DE38DF8BE29}.Debug|x64.ActiveCfg = Debug|x64
		{BCFFA024-455D-4993-A28D-9DE38DF8BE29}.Debug|x64.Build.0 = Debug|x64
		{BCFFA024-455D-4993-A28D-9DE38DF8BE29}.Debug|x86.ActiveCfg = Debug|x64
		{BCFFA024-455D-4993-A28D-9DE38DF8BE29}.Release|x64.ActiveCfg = Release|x64
		{BCFFA024-455D-4993-A28D-9DE38DF8BE29}.Release|x64.Build.0 = Release|x64
		{BCFFA024-455D-4993-A28D-9DE38DF8BE29}.Release|x86.ActiveCfg = Release|x64
		{705EBD80-75DD-4DBB-A691-AD327B29442F}.Debug|x64.ActiveCfg = Debug|x64
		{705EBD80-75DD-4DBB-A691-AD327B29442F}.Debug|x64.Build.0 = Debug|x64
		{705EBD80-75DD-4DBB-A691-AD327B29442F}.Debug|x86.ActiveCfg = Debug|x64
		{705EBD80-75DD-4DBB-A691-AD327B29442F}.Release|x64.ActiveCfg = Release|x64
		{705EBD80-75DD-4DBB-A691-AD327B29442F}.Release|x64.Build.0 = Release|x64
		{705EBD80-75DD-4DBB-A691-AD327B29442F}.Release|x86.ActiveCfg = Release|x64
		{4F6EFB57-B092-4048-A719-1EF24AA44E4A}.Debug|x64.ActiveCfg = Debug|x64
		{4F6EFB57-B092-4048-A719-1EF24AA44E4A}.Debug|x64.Build.0 = Debug|x64
		{4F6EFB57-B092-4048-A719-1EF24AA44E4A}.Debug|x86.ActiveCfg = Debug|x64
		{4F6EFB57-B092-4048-A719-1EF24AA44E4A}.Release|x64.ActiveCfg = Release|x64
		{4F6EFB57-B092-4048-A719-1EF24AA44E4A}.Release|x64.Build.0 = Release|x64
		{4F6EFB57-B092-4048-A719-1EF24AA44E4A}.Release|x86.ActiveCfg = Release|x64
		{9ED14885-1B3F-48B2-941A-C0B957A54C18}.Debug|x64.ActiveCfg = Debug|x64
		{9ED14885-1B3F-48B2-941A-C0B957A54C18}.Debug|x64.Build.0 = Debug|x64
		{9ED14885-1B3F-48B2-941A-C0B957A54C18}.Debug|x86.ActiveCfg = Debug|x64
		{9ED14885-1B3F-48B2-941A-C0B957A54C18}.Release|x64.ActiveCfg = Release|x64
		{9ED14885-1B3F-48B2-941A-C0B957A54C18}.Release|x64.Build.0 = Release|x64
		{9ED14885-1B3F-48B2-941A-C0B957A54C18}.Release|x86.ActiveCfg = Release|x64
	EndGlobalSection
	GlobalSection(SolutionProperties) = preSolution
		HideSolutionNode = FALSE
	EndGlobalSection
EndGlobal
