
Microsoft Visual Studio Solution File, Format Version 12.00
# Visual Studio 15
VisualStudioVersion = 15.0.26430.4
MinimumVisualStudioVersion = 10.0.40219.1
Project("{8BC9CEB8-8B4A-11D0-8D11-00A0C91BC942}") = "unit_test", "unit_test\unit_test.vcxproj", "{D7F9439D-6A75-4D93-874E-9DAF9727DBB1}"
	ProjectSection(ProjectDependencies) = postProject
		{6A32AFD3-16B3-469E-820D-7CE42B939FBC} = {6A32AFD3-16B3-469E-820D-7CE42B939FBC}
	EndProjectSection
EndProject
Project("{8BC9CEB8-8B4A-11D0-8D11-00A0C91BC942}") = "lib_match", "lib_match\lib_match.vcxproj", "{6A32AFD3-16B3-469E-820D-7CE42B939FBC}"
EndProject
Project("{8BC9CEB8-8B4A-11D0-8D11-00A0C91BC942}") = "block_match_mex", "block_match_mex\block_match_mex.vcxproj", "{BCFFA024-455D-4993-A28D-9DE38DF8BE29}"
	ProjectSection(ProjectDependencies) = postProject
		{C23019BB-0E7E-4E86-A487-CF339804D6D2} = {C23019BB-0E7E-4E86-A487-CF339804D6D2}
	EndProjectSection
EndProject
Project("{8BC9CEB8-8B4A-11D0-8D11-00A0C91BC942}") = "test", "test\test.vcxproj", "{705EBD80-75DD-4DBB-A691-AD327B29442F}"
	ProjectSection(ProjectDependencies) = postProject
		{6A32AFD3-16B3-469E-820D-7CE42B939FBC} = {6A32AFD3-16B3-469E-820D-7CE42B939FBC}
	EndProjectSection
EndProject
Project("{8BC9CEB8-8B4A-11D0-8D11-00A0C91BC942}") = "array_match_mex", "array_match_mex\array_match_mex.vcxproj", "{4F6EFB57-B092-4048-A719-1EF24AA44E4A}"
	ProjectSection(ProjectDependencies) = postProject
		{C23019BB-0E7E-4E86-A487-CF339804D6D2} = {C23019BB-0E7E-4E86-A487-CF339804D6D2}
	EndProjectSection
EndProject
Project("{8BC9CEB8-8B4A-11D0-8D11-00A0C91BC942}") = "pad_2d_mex", "pad_2d_mex\pad_2d_mex.vcxproj", "{9ED14885-1B3F-48B2-941A-C0B957A54C18}"
	ProjectSection(ProjectDependencies) = postProject
		{C23019BB-0E7E-4E86-A487-CF339804D6D2} = {C23019BB-0E7E-4E86-A487-CF339804D6D2}
	EndProjectSection
EndProject
Project("{8BC9CEB8-8B4A-11D0-8D11-00A0C91BC942}") = "lib_match_mex", "lib_match_mex\lib_match_mex.vcxproj", "{C23019BB-0E7E-4E86-A487-CF339804D6D2}"
	ProjectSection(ProjectDependencies) = postProject
		{6A32AFD3-16B3-469E-820D-7CE42B939FBC} = {6A32AFD3-16B3-469E-820D-7CE42B939FBC}
	EndProjectSection
EndProject
Project("{8BC9CEB8-8B4A-11D0-8D11-00A0C91BC942}") = "v1tov2", "v1tov2\v1tov2.vcxproj", "{339E687F-D45C-4969-AD03-8A8B4E20AD6A}"
EndProject
Project("{8BC9CEB8-8B4A-11D0-8D11-00A0C91BC942}") = "v2tov1", "v2tov1\v2tov1.vcxproj", "{041E0604-858D-4D8A-9C88-9347CF6A9095}"
EndProject
Project("{8BC9CEB8-8B4A-11D0-8D11-00A0C91BC942}") = "lib_match_gpu", "lib_match_gpu\lib_match_gpu.vcxproj", "{55746088-CF13-4028-9C8C-0D5240529165}"
EndProject
Global
	GlobalSection(SolutionConfigurationPlatforms) = preSolution
		Debug|x64 = Debug|x64
		Debug|x86 = Debug|x86
		Release|x64 = Release|x64
		Release|x86 = Release|x86
	EndGlobalSection
	GlobalSection(ProjectConfigurationPlatforms) = postSolution
		{D7F9439D-6A75-4D93-874E-9DAF9727DBB1}.Debug|x64.ActiveCfg = Debug|x64
		{D7F9439D-6A75-4D93-874E-9DAF9727DBB1}.Debug|x64.Build.0 = Debug|x64
		{D7F9439D-6A75-4D93-874E-9DAF9727DBB1}.Debug|x86.ActiveCfg = Debug|x64
		{D7F9439D-6A75-4D93-874E-9DAF9727DBB1}.Release|x64.ActiveCfg = Release|x64
		{D7F9439D-6A75-4D93-874E-9DAF9727DBB1}.Release|x64.Build.0 = Release|x64
		{D7F9439D-6A75-4D93-874E-9DAF9727DBB1}.Release|x86.ActiveCfg = Release|x64
		{6A32AFD3-16B3-469E-820D-7CE42B939FBC}.Debug|x64.ActiveCfg = Debug|x64
		{6A32AFD3-16B3-469E-820D-7CE42B939FBC}.Debug|x64.Build.0 = Debug|x64
		{6A32AFD3-16B3-469E-820D-7CE42B939FBC}.Debug|x86.ActiveCfg = Debug|x64
		{6A32AFD3-16B3-469E-820D-7CE42B939FBC}.Release|x64.ActiveCfg = Release|x64
		{6A32AFD3-16B3-469E-820D-7CE42B939FBC}.Release|x64.Build.0 = Release|x64
		{6A32AFD3-16B3-469E-820D-7CE42B939FBC}.Release|x86.ActiveCfg = Release|x64
		{BCFFA024-455D-4993-A28D-9DE38DF8BE29}.Debug|x64.ActiveCfg = Debug|x64
		{BCFFA024-455D-4993-A28D-9DE38DF8BE29}.Debug|x64.Build.0 = Debug|x64
		{BCFFA024-455D-4993-A28D-9DE38DF8BE29}.Debug|x86.ActiveCfg = Debug|x64
		{BCFFA024-455D-4993-A28D-9DE38DF8BE29}.Release|x64.ActiveCfg = Release|x64
		{BCFFA024-455D-4993-A28D-9DE38DF8BE29}.Release|x64.Build.0 = Release|x64
		{BCFFA024-455D-4993-A28D-9DE38DF8BE29}.Release|x86.ActiveCfg = Release|x64
		{705EBD80-75DD-4DBB-A691-AD327B29442F}.Debug|x64.ActiveCfg = Debug|x64
		{705EBD80-75DD-4DBB-A691-AD327B29442F}.Debug|x64.Build.0 = Debug|x64
		{705EBD80-75DD-4DBB-A691-AD327B29442F}.Debug|x86.ActiveCfg = Debug|x64
		{705EBD80-75DD-4DBB-A691-AD327B29442F}.Release|x64.ActiveCfg = Release|x64
		{705EBD80-75DD-4DBB-A691-AD327B29442F}.Release|x64.Build.0 = Release|x64
		{705EBD80-75DD-4DBB-A691-AD327B29442F}.Release|x86.ActiveCfg = Release|x64
		{4F6EFB57-B092-4048-A719-1EF24AA44E4A}.Debug|x64.ActiveCfg = Debug|x64
		{4F6EFB57-B092-4048-A719-1EF24AA44E4A}.Debug|x64.Build.0 = Debug|x64
		{4F6EFB57-B092-4048-A719-1EF24AA44E4A}.Debug|x86.ActiveCfg = Debug|x64
		{4F6EFB57-B092-4048-A719-1EF24AA44E4A}.Release|x64.ActiveCfg = Release|x64
		{4F6EFB57-B092-4048-A719-1EF24AA44E4A}.Release|x64.Build.0 = Release|x64
		{4F6EFB57-B092-4048-A719-1EF24AA44E4A}.Release|x86.ActiveCfg = Release|x64
		{9ED14885-1B3F-48B2-941A-C0B957A54C18}.Debug|x64.ActiveCfg = Debug|x64
		{9ED14885-1B3F-48B2-941A-C0B957A54C18}.Debug|x64.Build.0 = Debug|x64
		{9ED14885-1B3F-48B2-941A-C0B957A54C18}.Debug|x86.ActiveCfg = Debug|x64
		{9ED14885-1B3F-48B2-941A-C0B957A54C18}.Release|x64.ActiveCfg = Release|x64
		{9ED14885-1B3F-48B2-941A-C0B957A54C18}.Release|x64.Build.0 = Release|x64
		{9ED14885-1B3F-48B2-941A-C0B957A54C18}.Release|x86.ActiveCfg = Release|x64
		{C23019BB-0E7E-4E86-A487-CF339804D6D2}.Debug|x64.ActiveCfg = Debug|x64
		{C23019BB-0E7E-4E86-A487-CF339804D6D2}.Debug|x64.Build.0 = Debug|x64
		{C23019BB-0E7E-4E86-A487-CF339804D6D2}.Debug|x86.ActiveCfg = Debug|x64
		{C23019BB-0E7E-4E86-A487-CF339804D6D2}.Release|x64.ActiveCfg = Release|x64
		{C23019BB-0E7E-4E86-A487-CF339804D6D2}.Release|x64.Build.0 = Release|x64
		{C23019BB-0E7E-4E86-A487-CF339804D6D2}.Release|x86.ActiveCfg = Release|x64
		{339E687F-D45C-4969-AD03-8A8B4E20AD6A}.Debug|x64.ActiveCfg = Debug|x64
		{339E687F-D45C-4969-AD03-8A8B4E20AD6A}.Debug|x64.Build.0 = Debug|x64
		{339E687F-D45C-4969-AD03-8A8B4E20AD6A}.Debug|x86.ActiveCfg = Debug|x64
		{339E687F-D45C-4969-AD03-8A8B4E20AD6A}.Release|x64.ActiveCfg = Release|x64
		{339E687F-D45C-4969-AD03-8A8B4E20AD6A}.Release|x64.Build.0 = Release|x64
		{339E687F-D45C-4969-AD03-8A8B4E20AD6A}.Release|x86.ActiveCfg = Release|x64
		{041E0604-858D-4D8A-9C88-9347CF6A9095}.Debug|x64.ActiveCfg = Debug|x64
		{041E0604-858D-4D8A-9C88-9347CF6A9095}.Debug|x64.Build.0 = Debug|x64
		{041E0604-858D-4D8A-9C88-9347CF6A9095}.Debug|x86.ActiveCfg = Debug|x64
		{041E0604-858D-4D8A-9C88-9347CF6A9095}.Release|x64.ActiveCfg = Release|x64
		{041E0604-858D-4D8A-9C88-9347CF6A9095}.Release|x64.Build.0 = Release|x64
		{041E0604-858D-4D8A-9C88-9347CF6A9095}.Release|x86.ActiveCfg = Release|x64
		{55746088-CF13-4028-9C8C-0D5240529165}.Debug|x64.ActiveCfg = Debug|x64
		{55746088-CF13-4028-9C8C-0D5240529165}.Debug|x86.ActiveCfg = Debug|x64
		{55746088-CF13-4028-9C8C-0D5240529165}.Release|x64.ActiveCfg = Release|x64
		{55746088-CF13-4028-9C8C-0D5240529165}.Release|x86.ActiveCfg = Release|x64
	EndGlobalSection
	GlobalSection(SolutionProperties) = preSolution
		HideSolutionNode = FALSE
	EndGlobalSection
EndGlobal
