<?xml version="1.0" encoding="utf-8"?>
<Project ToolsVersion="4.0" xmlns="http://schemas.microsoft.com/developer/msbuild/2003">
  <ItemGroup>
    <Filter Include="Source Files">
      <UniqueIdentifier>{4FC737F1-C7A5-4376-A066-2A32D752A2FF}</UniqueIdentifier>
      <Extensions>cpp;c;cc;cxx;def;odl;idl;hpj;bat;asm;asmx</Extensions>
    </Filter>
    <Filter Include="Header Files">
      <UniqueIdentifier>{93995380-89BD-4b04-88EB-625FBE52EBFB}</UniqueIdentifier>
      <Extensions>h;hh;hpp;hxx;hm;inl;inc;xsd</Extensions>
    </Filter>
  </ItemGroup>
  <ItemGroup>
    <CudaCompile Include="lib_match_mse.cu">
      <Filter>Source Files</Filter>
    </CudaCompile>
    <CudaCompile Include="lib_match_cc.cu">
      <Filter>Source Files</Filter>
    </CudaCompile>
  </ItemGroup>
  <ItemGroup>
    <ClCompile Include="utils.cpp">
      <Filter>Source Files</Filter>
    </ClCompile>
    <ClCompile Include="block_match_initialize.cpp">
      <Filter>Source Files</Filter>
    </ClCompile>
    <ClCompile Include="logging.cpp">
      <Filter>Source Files</Filter>
    </ClCompile>
    <ClCompile Include="lib_match.cpp">
      <Filter>Source Files</Filter>
    </ClCompile>
    <ClCompile Include="lib_match_internal.cpp">
      <Filter>Source Files</Filter>
    </ClCompile>
    <ClCompile Include="block_padding.cpp">
      <Filter>Source Files</Filter>
    </ClCompile>
    <ClCompile Include="interrupt_handler.cpp">
      <Filter>Source Files</Filter>
    </ClCompile>
    <ClCompile Include="stack_trace.cpp">
      <Filter>Source Files</Filter>
    </ClCompile>
    <ClCompile Include="type_convert.cpp">
      <Filter>Source Files</Filter>
    </ClCompile>
    <ClCompile Include="object_warper.cpp">
      <Filter>Source Files</Filter>
    </ClCompile>
    <ClCompile Include="instruction_set.cpp">
      <Filter>Source Files</Filter>
    </ClCompile>
    <ClCompile Include="execution_service.cpp">
      <Filter>Source Files</Filter>
    </ClCompile>
    <ClCompile Include="block_match_destroy.cpp">
      <Filter>Source Files</Filter>
    </ClCompile>
    <ClCompile Include="block_match_execute.cpp">
      <Filter>Source Files</Filter>
    </ClCompile>
    <ClCompile Include="memory_allocation.cpp">
      <Filter>Source Files</Filter>
    </ClCompile>
    <ClCompile Include="lib_match_sort.cpp">
      <Filter>Source Files</Filter>
    </ClCompile>
    <ClCompile Include="lib_match_cc_cpu.cpp">
      <Filter>Source Files</Filter>
    </ClCompile>
    <ClCompile Include="lib_match_mse_cpu.cpp">
      <Filter>Source Files</Filter>
    </ClCompile>
    <ClCompile Include="block_match.cpp">
      <Filter>Source Files</Filter>
    </ClCompile>
    <ClCompile Include="block_copying.cpp">
      <Filter>Source Files</Filter>
    </ClCompile>
    <ClCompile Include="array_match_finalize.cpp">
      <Filter>Source Files</Filter>
    </ClCompile>
    <ClCompile Include="array_match_initialize.cpp">
      <Filter>Source Files</Filter>
    </ClCompile>
    <ClCompile Include="array_match_execute.cpp">
      <Filter>Source Files</Filter>
    </ClCompile>
    <ClCompile Include="array_copying.cpp">
      <Filter>Source Files</Filter>
    </ClCompile>
  </ItemGroup>
  <ItemGroup>
    <ClInclude Include="..\include\lib_match.h">
      <Filter>Header Files</Filter>
    </ClInclude>
    <ClInclude Include="lib_match_internal.h">
      <Filter>Header Files</Filter>
    </ClInclude>
    <ClInclude Include="block_match_execute.hpp">
      <Filter>Source Files</Filter>
    </ClInclude>
    <ClInclude Include="execution_service.h">
      <Filter>Header Files</Filter>
    </ClInclude>
    <ClInclude Include="intrinsic_func_helper.hpp">
      <Filter>Header Files</Filter>
    </ClInclude>
    <ClInclude Include="block_match_execute.h">
      <Filter>Header Files</Filter>
    </ClInclude>
    <ClInclude Include="template_instantiate_helper.h">
      <Filter>Header Files</Filter>
    </ClInclude>
  </ItemGroup>
  <ItemGroup>
    <Filter Include="Header Files">
      <UniqueIdentifier>{d1be6727-6714-4f8f-b1d7-3367aa73dbc3}</UniqueIdentifier>
    </Filter>
    <Filter Include="Source Files">
      <UniqueIdentifier>{6def64bb-82de-48ca-9a90-847dfe21ae44}</UniqueIdentifier>
    </Filter>
  </ItemGroup>
</Project>